
Microsoft Visual Studio Solution File, Format Version 12.00
# Visual Studio Version 16
VisualStudioVersion = 16.0.31313.79
MinimumVisualStudioVersion = 10.0.40219.1
Project("{9A19103F-16F7-4668-BE54-9A1E7A4F7556}") = "NumbersInCSharp", "NumbersInCSharp\NumbersInCSharp.csproj", "{AF76BA7F-E132-450B-B680-9CE32D812A29}"
EndProject
Project("{9A19103F-16F7-4668-BE54-9A1E7A4F7556}") = "ListInCSharp", "ListInCSharp\ListInCSharp.csproj", "{10A74414-7571-470B-BC42-323854415159}"
EndProject
Project("{9A19103F-16F7-4668-BE54-9A1E7A4F7556}") = "RecordsInCSharp", "RecordsInCSharp\RecordsInCSharp.csproj", "{98D5F27E-81C3-459F-9B6D-3CA408A5E37B}"
EndProject
Project("{9A19103F-16F7-4668-BE54-9A1E7A4F7556}") = "InterfaceInCSharp", "InterfaceInCSharp\InterfaceInCSharp.csproj", "{AFC16B6D-A987-4CD7-A743-F4EE299AF1B9}"
EndProject
Project("{9A19103F-16F7-4668-BE54-9A1E7A4F7556}") = "GenericClassInCSharp", "GenericClassInCSharp\GenericClassInCSharp.csproj", "{A9C036E8-084E-4740-B17C-AED39AB1C371}"
EndProject
Project("{9A19103F-16F7-4668-BE54-9A1E7A4F7556}") = "Fundamentals", "Fundamentals\Fundamentals.csproj", "{66FB2C50-526C-467C-8110-B572CF43A800}"
EndProject
Project("{9A19103F-16F7-4668-BE54-9A1E7A4F7556}") = "NewFunction", "NewFunction\NewFunction.csproj", "{DCB9149B-8D2C-4191-B9F5-4DB0FA889946}"
EndProject
Project("{9A19103F-16F7-4668-BE54-9A1E7A4F7556}") = "NullableInCSharp", "NullableInCSharp\NullableInCSharp.csproj", "{C80DDEA4-7D06-4477-AB2B-AC3B155CE7D1}"
EndProject
Project("{FAE04EC0-301F-11D3-BF4B-00C04F79EFBC}") = "TeleprompterConsole", "TeleprompterConsole\TeleprompterConsole.csproj", "{AED82411-4434-4F6F-A931-21CFE39C6B6F}"
EndProject
Global
	GlobalSection(SolutionConfigurationPlatforms) = preSolution
		Debug|Any CPU = Debug|Any CPU
		Release|Any CPU = Release|Any CPU
	EndGlobalSection
	GlobalSection(ProjectConfigurationPlatforms) = postSolution
		{AF76BA7F-E132-450B-B680-9CE32D812A29}.Debug|Any CPU.ActiveCfg = Debug|Any CPU
		{AF76BA7F-E132-450B-B680-9CE32D812A29}.Debug|Any CPU.Build.0 = Debug|Any CPU
		{AF76BA7F-E132-450B-B680-9CE32D812A29}.Release|Any CPU.ActiveCfg = Release|Any CPU
		{AF76BA7F-E132-450B-B680-9CE32D812A29}.Release|Any CPU.Build.0 = Release|Any CPU
		{10A74414-7571-470B-BC42-323854415159}.Debug|Any CPU.ActiveCfg = Debug|Any CPU
		{10A74414-7571-470B-BC42-323854415159}.Debug|Any CPU.Build.0 = Debug|Any CPU
		{10A74414-7571-470B-BC42-323854415159}.Release|Any CPU.ActiveCfg = Release|Any CPU
		{10A74414-7571-470B-BC42-323854415159}.Release|Any CPU.Build.0 = Release|Any CPU
		{98D5F27E-81C3-459F-9B6D-3CA408A5E37B}.Debug|Any CPU.ActiveCfg = Debug|Any CPU
		{98D5F27E-81C3-459F-9B6D-3CA408A5E37B}.Debug|Any CPU.Build.0 = Debug|Any CPU
		{98D5F27E-81C3-459F-9B6D-3CA408A5E37B}.Release|Any CPU.ActiveCfg = Release|Any CPU
		{98D5F27E-81C3-459F-9B6D-3CA408A5E37B}.Release|Any CPU.Build.0 = Release|Any CPU
		{AFC16B6D-A987-4CD7-A743-F4EE299AF1B9}.Debug|Any CPU.ActiveCfg = Debug|Any CPU
		{AFC16B6D-A987-4CD7-A743-F4EE299AF1B9}.Debug|Any CPU.Build.0 = Debug|Any CPU
		{AFC16B6D-A987-4CD7-A743-F4EE299AF1B9}.Release|Any CPU.ActiveCfg = Release|Any CPU
		{AFC16B6D-A987-4CD7-A743-F4EE299AF1B9}.Release|Any CPU.Build.0 = Release|Any CPU
		{A9C036E8-084E-4740-B17C-AED39AB1C371}.Debug|Any CPU.ActiveCfg = Debug|Any CPU
		{A9C036E8-084E-4740-B17C-AED39AB1C371}.Debug|Any CPU.Build.0 = Debug|Any CPU
		{A9C036E8-084E-4740-B17C-AED39AB1C371}.Release|Any CPU.ActiveCfg = Release|Any CPU
		{A9C036E8-084E-4740-B17C-AED39AB1C371}.Release|Any CPU.Build.0 = Release|Any CPU
		{66FB2C50-526C-467C-8110-B572CF43A800}.Debug|Any CPU.ActiveCfg = Debug|Any CPU
		{66FB2C50-526C-467C-8110-B572CF43A800}.Debug|Any CPU.Build.0 = Debug|Any CPU
		{66FB2C50-526C-467C-8110-B572CF43A800}.Release|Any CPU.ActiveCfg = Release|Any CPU
		{66FB2C50-526C-467C-8110-B572CF43A800}.Release|Any CPU.Build.0 = Release|Any CPU
		{DCB9149B-8D2C-4191-B9F5-4DB0FA889946}.Debug|Any CPU.ActiveCfg = Debug|Any CPU
		{DCB9149B-8D2C-4191-B9F5-4DB0FA889946}.Debug|Any CPU.Build.0 = Debug|Any CPU
		{DCB9149B-8D2C-4191-B9F5-4DB0FA889946}.Release|Any CPU.ActiveCfg = Release|Any CPU
		{DCB9149B-8D2C-4191-B9F5-4DB0FA889946}.Release|Any CPU.Build.0 = Release|Any CPU
		{C80DDEA4-7D06-4477-AB2B-AC3B155CE7D1}.Debug|Any CPU.ActiveCfg = Debug|Any CPU
		{C80DDEA4-7D06-4477-AB2B-AC3B155CE7D1}.Debug|Any CPU.Build.0 = Debug|Any CPU
		{C80DDEA4-7D06-4477-AB2B-AC3B155CE7D1}.Release|Any CPU.ActiveCfg = Release|Any CPU
		{C80DDEA4-7D06-4477-AB2B-AC3B155CE7D1}.Release|Any CPU.Build.0 = Release|Any CPU
		{AED82411-4434-4F6F-A931-21CFE39C6B6F}.Debug|Any CPU.ActiveCfg = Debug|Any CPU
		{AED82411-4434-4F6F-A931-21CFE39C6B6F}.Debug|Any CPU.Build.0 = Debug|Any CPU
		{AED82411-4434-4F6F-A931-21CFE39C6B6F}.Release|Any CPU.ActiveCfg = Release|Any CPU
		{AED82411-4434-4F6F-A931-21CFE39C6B6F}.Release|Any CPU.Build.0 = Release|Any CPU
	EndGlobalSection
	GlobalSection(SolutionProperties) = preSolution
		HideSolutionNode = FALSE
	EndGlobalSection
	GlobalSection(ExtensibilityGlobals) = postSolution
		SolutionGuid = {D8A898E8-A5D6-4376-ABFF-B8B0CE2BE22C}
	EndGlobalSection
EndGlobal
